
Microsoft Visual Studio Solution File, Format Version 12.00
# Visual Studio Version 16
VisualStudioVersion = 16.0.30225.117
MinimumVisualStudioVersion = 10.0.40219.1
Project("{9A19103F-16F7-4668-BE54-9A1E7A4F7556}") = "general.api", "general.api\general.api.csproj", "{A7188A21-8326-4897-AA41-6F64FF50E40D}"
EndProject
Project("{9A19103F-16F7-4668-BE54-9A1E7A4F7556}") = "General.Domain", "General.Domain\General.Domain.csproj", "{37D94E9E-BA93-4C48-AB8E-DB5BEF568D89}"
EndProject
Project("{9A19103F-16F7-4668-BE54-9A1E7A4F7556}") = "General.Data", "General.Data\General.Data.csproj", "{126F6019-801A-4BB5-BD8E-F282AF299030}"
EndProject
Project("{FAE04EC0-301F-11D3-BF4B-00C04F79EFBC}") = "General.Business", "General.Business\General.Business.csproj", "{8F9CA40D-D438-455E-BB6B-476FB614E368}"
EndProject
Global
	GlobalSection(SolutionConfigurationPlatforms) = preSolution
		Debug|Any CPU = Debug|Any CPU
		Release|Any CPU = Release|Any CPU
	EndGlobalSection
	GlobalSection(ProjectConfigurationPlatforms) = postSolution
		{A7188A21-8326-4897-AA41-6F64FF50E40D}.Debug|Any CPU.ActiveCfg = Debug|Any CPU
		{A7188A21-8326-4897-AA41-6F64FF50E40D}.Debug|Any CPU.Build.0 = Debug|Any CPU
		{A7188A21-8326-4897-AA41-6F64FF50E40D}.Release|Any CPU.ActiveCfg = Release|Any CPU
		{A7188A21-8326-4897-AA41-6F64FF50E40D}.Release|Any CPU.Build.0 = Release|Any CPU
		{37D94E9E-BA93-4C48-AB8E-DB5BEF568D89}.Debug|Any CPU.ActiveCfg = Debug|Any CPU
		{37D94E9E-BA93-4C48-AB8E-DB5BEF568D89}.Debug|Any CPU.Build.0 = Debug|Any CPU
		{37D94E9E-BA93-4C48-AB8E-DB5BEF568D89}.Release|Any CPU.ActiveCfg = Release|Any CPU
		{37D94E9E-BA93-4C48-AB8E-DB5BEF568D89}.Release|Any CPU.Build.0 = Release|Any CPU
		{126F6019-801A-4BB5-BD8E-F282AF299030}.Debug|Any CPU.ActiveCfg = Debug|Any CPU
		{126F6019-801A-4BB5-BD8E-F282AF299030}.Debug|Any CPU.Build.0 = Debug|Any CPU
		{126F6019-801A-4BB5-BD8E-F282AF299030}.Release|Any CPU.ActiveCfg = Release|Any CPU
		{126F6019-801A-4BB5-BD8E-F282AF299030}.Release|Any CPU.Build.0 = Release|Any CPU
		{8F9CA40D-D438-455E-BB6B-476FB614E368}.Debug|Any CPU.ActiveCfg = Debug|Any CPU
		{8F9CA40D-D438-455E-BB6B-476FB614E368}.Debug|Any CPU.Build.0 = Debug|Any CPU
		{8F9CA40D-D438-455E-BB6B-476FB614E368}.Release|Any CPU.ActiveCfg = Release|Any CPU
		{8F9CA40D-D438-455E-BB6B-476FB614E368}.Release|Any CPU.Build.0 = Release|Any CPU
	EndGlobalSection
	GlobalSection(SolutionProperties) = preSolution
		HideSolutionNode = FALSE
	EndGlobalSection
	GlobalSection(ExtensibilityGlobals) = postSolution
		SolutionGuid = {9B72406F-6748-47A7-AFFD-1734A99E3AB6}
	EndGlobalSection
EndGlobal
